
Microsoft Visual Studio Solution File, Format Version 12.00
# Visual Studio Version 16
VisualStudioVersion = 16.0.29020.237
MinimumVisualStudioVersion = 10.0.40219.1
Project("{9A19103F-16F7-4668-BE54-9A1E7A4F7556}") = "nk.logger.csv", "nk.logger.csv\nk.logger.csv.csproj", "{8C7E95CE-26AD-47ED-B324-50E65456B190}"
EndProject
Project("{9A19103F-16F7-4668-BE54-9A1E7A4F7556}") = "Logger.API", "Logger.API\Logger.API.csproj", "{575CA62B-8DEC-4DAA-8584-05520F49F701}"
EndProject
Project("{FAE04EC0-301F-11D3-BF4B-00C04F79EFBC}") = "Logger.Tests", "Logger.Tests\Logger.Tests.csproj", "{C5B57A8C-2939-46C4-8E2E-189C6E3395D1}"
EndProject
Global
	GlobalSection(SolutionConfigurationPlatforms) = preSolution
		Debug|Any CPU = Debug|Any CPU
		Release|Any CPU = Release|Any CPU
	EndGlobalSection
	GlobalSection(ProjectConfigurationPlatforms) = postSolution
		{8C7E95CE-26AD-47ED-B324-50E65456B190}.Debug|Any CPU.ActiveCfg = Debug|Any CPU
		{8C7E95CE-26AD-47ED-B324-50E65456B190}.Debug|Any CPU.Build.0 = Debug|Any CPU
		{8C7E95CE-26AD-47ED-B324-50E65456B190}.Release|Any CPU.ActiveCfg = Release|Any CPU
		{8C7E95CE-26AD-47ED-B324-50E65456B190}.Release|Any CPU.Build.0 = Release|Any CPU
		{575CA62B-8DEC-4DAA-8584-05520F49F701}.Debug|Any CPU.ActiveCfg = Debug|Any CPU
		{575CA62B-8DEC-4DAA-8584-05520F49F701}.Debug|Any CPU.Build.0 = Debug|Any CPU
		{575CA62B-8DEC-4DAA-8584-05520F49F701}.Release|Any CPU.ActiveCfg = Release|Any CPU
		{575CA62B-8DEC-4DAA-8584-05520F49F701}.Release|Any CPU.Build.0 = Release|Any CPU
		{C5B57A8C-2939-46C4-8E2E-189C6E3395D1}.Debug|Any CPU.ActiveCfg = Debug|Any CPU
		{C5B57A8C-2939-46C4-8E2E-189C6E3395D1}.Debug|Any CPU.Build.0 = Debug|Any CPU
		{C5B57A8C-2939-46C4-8E2E-189C6E3395D1}.Release|Any CPU.ActiveCfg = Release|Any CPU
		{C5B57A8C-2939-46C4-8E2E-189C6E3395D1}.Release|Any CPU.Build.0 = Release|Any CPU
	EndGlobalSection
	GlobalSection(SolutionProperties) = preSolution
		HideSolutionNode = FALSE
	EndGlobalSection
	GlobalSection(ExtensibilityGlobals) = postSolution
		SolutionGuid = {4C8C7298-3B4D-47F5-B554-E0C352A091E6}
	EndGlobalSection
EndGlobal
